{
  "name": "webilp",
  "version": "1.0.0",
  "lockfileVersion": 3,
  "requires": true,
  "packages": {
    "": {
      "name": "webilp",
      "version": "1.0.0",
      "license": "ISC",
      "dependencies": {
        "clingo-wasm": "^0.3.2",
        "trealla": "^0.28.11"
      }
    },
    "node_modules/@types/emscripten": {
      "version": "1.41.5",
      "resolved": "https://registry.npmjs.org/@types/emscripten/-/emscripten-1.41.5.tgz",
      "integrity": "sha512-cMQm7pxu6BxtHyqJ7mQZ2kXWV5SLmugybFdHCBbJ5eHzOo6VhBckEgAT3//rP5FwPHNPeEiq4SmQ5ucBwsOo4Q==",
      "license": "MIT"
    },
    "node_modules/browser_wasi_shim_gaiden": {
      "version": "0.3.6",
      "resolved": "https://registry.npmjs.org/browser_wasi_shim_gaiden/-/browser_wasi_shim_gaiden-0.3.6.tgz",
      "integrity": "sha512-0qT8faWl2HFXabRzvwP1LqyYKQLgcOgg4RFYlWmq8SS2PA8oSPHDjnzhbgPcBjGCL/7f0C7iuljy31sw4Jdmjw==",
      "license": "MIT OR Apache-2.0"
    },
    "node_modules/clingo-wasm": {
      "version": "0.3.2",
      "resolved": "https://registry.npmjs.org/clingo-wasm/-/clingo-wasm-0.3.2.tgz",
      "integrity": "sha512-0ZdaGgekZaO8hLF3PE0fcs4FjR+GAdVeMTTzVgm8L1OuCl4A8+/H1V8urBMJYlV6+HH+gAweDxFq1MVgM4lDKQ==",
      "license": "Apache-2.0",
      "dependencies": {
        "@types/emscripten": "^1.40.0"
      }
    },
    "node_modules/trealla": {
      "version": "0.28.11",
      "resolved": "https://registry.npmjs.org/trealla/-/trealla-0.28.11.tgz",
      "integrity": "sha512-+X5DOJ4or19OZohNym5KpCnl16Aq/Etkx0klc/UHDpf0h5DJeIhdnthlAU7Bcrnji8WOwD/tdlt70Zwf+0tXaA==",
      "license": "MIT",
      "dependencies": {
        "browser_wasi_shim_gaiden": "^0.3.6"
      }
    }
  }
}
